// !$*UTF8*$!
{
	archiveVersion = 1;
	classes = {
	};
	objectVersion = 46;
	objects = {

/* Begin PBXBuildFile section */
		BE12FB081E1B590700ACB82F /* Comment.swift in Sources */ = {isa = PBXBuildFile; fileRef = BE12FB071E1B590700ACB82F /* Comment.swift */; };
		BE2067871DFD305F005A55F5 /* AppDelegate.swift in Sources */ = {isa = PBXBuildFile; fileRef = BE2067861DFD305F005A55F5 /* AppDelegate.swift */; };
		BE20678C1DFD305F005A55F5 /* Main.storyboard in Resources */ = {isa = PBXBuildFile; fileRef = BE20678A1DFD305F005A55F5 /* Main.storyboard */; };
		BE20678E1DFD305F005A55F5 /* Assets.xcassets in Resources */ = {isa = PBXBuildFile; fileRef = BE20678D1DFD305F005A55F5 /* Assets.xcassets */; };
		BE2067911DFD305F005A55F5 /* LaunchScreen.storyboard in Resources */ = {isa = PBXBuildFile; fileRef = BE20678F1DFD305F005A55F5 /* LaunchScreen.storyboard */; };
		BE20679F1DFD3C41005A55F5 /* KWTestViewController.swift in Sources */ = {isa = PBXBuildFile; fileRef = BE20679E1DFD3C41005A55F5 /* KWTestViewController.swift */; };
		BE2067A21DFD3E7D005A55F5 /* UIColorExtension.swift in Sources */ = {isa = PBXBuildFile; fileRef = BE2067A11DFD3E7D005A55F5 /* UIColorExtension.swift */; };
		BE2067A41DFD3EF9005A55F5 /* Information.swift in Sources */ = {isa = PBXBuildFile; fileRef = BE2067A31DFD3EF9005A55F5 /* Information.swift */; };
		BE2067A61DFE6BD2005A55F5 /* KWTypeSelectionTableViewController.swift in Sources */ = {isa = PBXBuildFile; fileRef = BE2067A51DFE6BD2005A55F5 /* KWTypeSelectionTableViewController.swift */; };
		BE2067A81DFEF85B005A55F5 /* KWShortTestViewController.swift in Sources */ = {isa = PBXBuildFile; fileRef = BE2067A71DFEF85B005A55F5 /* KWShortTestViewController.swift */; };
		BE2067AC1E002971005A55F5 /* KWLongTestViewController.swift in Sources */ = {isa = PBXBuildFile; fileRef = BE2067AB1E002971005A55F5 /* KWLongTestViewController.swift */; };
		BE2067AE1E0031CD005A55F5 /* UIViewExtension.swift in Sources */ = {isa = PBXBuildFile; fileRef = BE2067AD1E0031CD005A55F5 /* UIViewExtension.swift */; };
		BE2067BD1E02739E005A55F5 /* KWFillBlankExtension.swift in Sources */ = {isa = PBXBuildFile; fileRef = BE2067B91E02739E005A55F5 /* KWFillBlankExtension.swift */; };
		BE2067BE1E02739E005A55F5 /* KWFillBlankTextView.swift in Sources */ = {isa = PBXBuildFile; fileRef = BE2067BA1E02739E005A55F5 /* KWFillBlankTextView.swift */; };
		BE2067BF1E02739E005A55F5 /* KWFillBlankViewController.swift in Sources */ = {isa = PBXBuildFile; fileRef = BE2067BB1E02739E005A55F5 /* KWFillBlankViewController.swift */; };
		BE2067C01E02739E005A55F5 /* KWInputBar.swift in Sources */ = {isa = PBXBuildFile; fileRef = BE2067BC1E02739E005A55F5 /* KWInputBar.swift */; };
		BE5961FB1E09078600770884 /* KWMyrecordListTableViewController.swift in Sources */ = {isa = PBXBuildFile; fileRef = BE5961FA1E09078600770884 /* KWMyrecordListTableViewController.swift */; };
		BE5961FD1E09258900770884 /* Article.swift in Sources */ = {isa = PBXBuildFile; fileRef = BE5961FC1E09258900770884 /* Article.swift */; };
		BE5961FF1E0932D400770884 /* KWMyrecordDetailViewController.swift in Sources */ = {isa = PBXBuildFile; fileRef = BE5961FE1E0932D400770884 /* KWMyrecordDetailViewController.swift */; };
		BE5962021E0970BC00770884 /* KWMytripTableViewController.swift in Sources */ = {isa = PBXBuildFile; fileRef = BE5962011E0970BC00770884 /* KWMytripTableViewController.swift */; };
		BE5962051E097C3900770884 /* KWMainViewController.swift in Sources */ = {isa = PBXBuildFile; fileRef = BE5962041E097C3900770884 /* KWMainViewController.swift */; };
		BE5962071E097C4B00770884 /* KWLoginViewController.swift in Sources */ = {isa = PBXBuildFile; fileRef = BE5962061E097C4B00770884 /* KWLoginViewController.swift */; };
		BE5962091E0A7C8900770884 /* User.swift in Sources */ = {isa = PBXBuildFile; fileRef = BE5962081E0A7C8900770884 /* User.swift */; };
		BE635EFF1E0A8484002E8C5D /* KWNetTool.swift in Sources */ = {isa = PBXBuildFile; fileRef = BE635EFE1E0A8484002E8C5D /* KWNetTool.swift */; };
		BECCFBE71E1901D800F728E8 /* TitleTool.swift in Sources */ = {isa = PBXBuildFile; fileRef = BECCFBE61E1901D800F728E8 /* TitleTool.swift */; };
		BED452741E040AB90030AFAD /* KWSpokenListViewController.swift in Sources */ = {isa = PBXBuildFile; fileRef = BED452731E040AB90030AFAD /* KWSpokenListViewController.swift */; };
		BED452761E041D620030AFAD /* KWSpokenDetailTableViewController.swift in Sources */ = {isa = PBXBuildFile; fileRef = BED452751E041D620030AFAD /* KWSpokenDetailTableViewController.swift */; };
		BEE9A4121E0573B700B68AAF /* SpokenDetailTableViewCell.swift in Sources */ = {isa = PBXBuildFile; fileRef = BEE9A4101E0573B700B68AAF /* SpokenDetailTableViewCell.swift */; };
		BEE9A4131E0573B700B68AAF /* SpokenDetailTableViewCell.xib in Resources */ = {isa = PBXBuildFile; fileRef = BEE9A4111E0573B700B68AAF /* SpokenDetailTableViewCell.xib */; };
		BEE9A4251E06644B00B68AAF /* Info.plist in Resources */ = {isa = PBXBuildFile; fileRef = BEE9A4221E06644B00B68AAF /* Info.plist */; };
		BEE9A4261E06644B00B68AAF /* WaveformView.swift in Sources */ = {isa = PBXBuildFile; fileRef = BEE9A4241E06644B00B68AAF /* WaveformView.swift */; };
		BEE9A4281E06B29800B68AAF /* KWSpokenRecordViewController.swift in Sources */ = {isa = PBXBuildFile; fileRef = BEE9A4271E06B29800B68AAF /* KWSpokenRecordViewController.swift */; };
		BEE9A42D1E07D2A800B68AAF /* KWMeTableViewController.swift in Sources */ = {isa = PBXBuildFile; fileRef = BEE9A42C1E07D2A800B68AAF /* KWMeTableViewController.swift */; };
		DDDA9B9C21BC5D2DF378818E /* Pods_KnowWords.framework in Frameworks */ = {isa = PBXBuildFile; fileRef = DAB765A74CB7B4850767E067 /* Pods_KnowWords.framework */; };
/* End PBXBuildFile section */

/* Begin PBXFileReference section */
		23060117582138CA3DBF3157 /* Pods-KnowWords.debug.xcconfig */ = {isa = PBXFileReference; includeInIndex = 1; lastKnownFileType = text.xcconfig; name = "Pods-KnowWords.debug.xcconfig"; path = "Pods/Target Support Files/Pods-KnowWords/Pods-KnowWords.debug.xcconfig"; sourceTree = "<group>"; };
		BE12FB071E1B590700ACB82F /* Comment.swift */ = {isa = PBXFileReference; fileEncoding = 4; lastKnownFileType = sourcecode.swift; name = Comment.swift; path = Model/Comment.swift; sourceTree = "<group>"; };
		BE2067831DFD305F005A55F5 /* KnowWords.app */ = {isa = PBXFileReference; explicitFileType = wrapper.application; includeInIndex = 0; path = KnowWords.app; sourceTree = BUILT_PRODUCTS_DIR; };
		BE2067861DFD305F005A55F5 /* AppDelegate.swift */ = {isa = PBXFileReference; lastKnownFileType = sourcecode.swift; path = AppDelegate.swift; sourceTree = "<group>"; };
		BE20678B1DFD305F005A55F5 /* Base */ = {isa = PBXFileReference; lastKnownFileType = file.storyboard; name = Base; path = Base.lproj/Main.storyboard; sourceTree = "<group>"; };
		BE20678D1DFD305F005A55F5 /* Assets.xcassets */ = {isa = PBXFileReference; lastKnownFileType = folder.assetcatalog; path = Assets.xcassets; sourceTree = "<group>"; };
		BE2067901DFD305F005A55F5 /* Base */ = {isa = PBXFileReference; lastKnownFileType = file.storyboard; name = Base; path = Base.lproj/LaunchScreen.storyboard; sourceTree = "<group>"; };
		BE2067921DFD305F005A55F5 /* Info.plist */ = {isa = PBXFileReference; lastKnownFileType = text.plist.xml; path = Info.plist; sourceTree = "<group>"; };
		BE20679E1DFD3C41005A55F5 /* KWTestViewController.swift */ = {isa = PBXFileReference; fileEncoding = 4; lastKnownFileType = sourcecode.swift; name = KWTestViewController.swift; path = Test/KWTestViewController.swift; sourceTree = "<group>"; };
		BE2067A11DFD3E7D005A55F5 /* UIColorExtension.swift */ = {isa = PBXFileReference; fileEncoding = 4; lastKnownFileType = sourcecode.swift; name = UIColorExtension.swift; path = Extensions/UIColorExtension.swift; sourceTree = "<group>"; };
		BE2067A31DFD3EF9005A55F5 /* Information.swift */ = {isa = PBXFileReference; fileEncoding = 4; lastKnownFileType = sourcecode.swift; name = Information.swift; path = Model/Information.swift; sourceTree = "<group>"; };
		BE2067A51DFE6BD2005A55F5 /* KWTypeSelectionTableViewController.swift */ = {isa = PBXFileReference; fileEncoding = 4; lastKnownFileType = sourcecode.swift; name = KWTypeSelectionTableViewController.swift; path = Test/KWTypeSelectionTableViewController.swift; sourceTree = "<group>"; };
		BE2067A71DFEF85B005A55F5 /* KWShortTestViewController.swift */ = {isa = PBXFileReference; fileEncoding = 4; lastKnownFileType = sourcecode.swift; name = KWShortTestViewController.swift; path = Test/KWShortTestViewController.swift; sourceTree = "<group>"; };
		BE2067AB1E002971005A55F5 /* KWLongTestViewController.swift */ = {isa = PBXFileReference; fileEncoding = 4; lastKnownFileType = sourcecode.swift; name = KWLongTestViewController.swift; path = Test/KWLongTestViewController.swift; sourceTree = "<group>"; };
		BE2067AD1E0031CD005A55F5 /* UIViewExtension.swift */ = {isa = PBXFileReference; fileEncoding = 4; lastKnownFileType = sourcecode.swift; name = UIViewExtension.swift; path = Extensions/UIViewExtension.swift; sourceTree = "<group>"; };
		BE2067B91E02739E005A55F5 /* KWFillBlankExtension.swift */ = {isa = PBXFileReference; fileEncoding = 4; lastKnownFileType = sourcecode.swift; name = KWFillBlankExtension.swift; path = Test/Blank/KWFillBlankExtension.swift; sourceTree = "<group>"; };
		BE2067BA1E02739E005A55F5 /* KWFillBlankTextView.swift */ = {isa = PBXFileReference; fileEncoding = 4; lastKnownFileType = sourcecode.swift; name = KWFillBlankTextView.swift; path = Test/Blank/KWFillBlankTextView.swift; sourceTree = "<group>"; };
		BE2067BB1E02739E005A55F5 /* KWFillBlankViewController.swift */ = {isa = PBXFileReference; fileEncoding = 4; lastKnownFileType = sourcecode.swift; name = KWFillBlankViewController.swift; path = Test/Blank/KWFillBlankViewController.swift; sourceTree = "<group>"; };
		BE2067BC1E02739E005A55F5 /* KWInputBar.swift */ = {isa = PBXFileReference; fileEncoding = 4; lastKnownFileType = sourcecode.swift; name = KWInputBar.swift; path = Test/Blank/KWInputBar.swift; sourceTree = "<group>"; };
		BE5961FA1E09078600770884 /* KWMyrecordListTableViewController.swift */ = {isa = PBXFileReference; fileEncoding = 4; lastKnownFileType = sourcecode.swift; path = KWMyrecordListTableViewController.swift; sourceTree = "<group>"; };
		BE5961FC1E09258900770884 /* Article.swift */ = {isa = PBXFileReference; fileEncoding = 4; lastKnownFileType = sourcecode.swift; name = Article.swift; path = Model/Article.swift; sourceTree = "<group>"; };
		BE5961FE1E0932D400770884 /* KWMyrecordDetailViewController.swift */ = {isa = PBXFileReference; fileEncoding = 4; lastKnownFileType = sourcecode.swift; path = KWMyrecordDetailViewController.swift; sourceTree = "<group>"; };
		BE5962011E0970BC00770884 /* KWMytripTableViewController.swift */ = {isa = PBXFileReference; fileEncoding = 4; lastKnownFileType = sourcecode.swift; path = KWMytripTableViewController.swift; sourceTree = "<group>"; };
		BE5962041E097C3900770884 /* KWMainViewController.swift */ = {isa = PBXFileReference; fileEncoding = 4; lastKnownFileType = sourcecode.swift; path = KWMainViewController.swift; sourceTree = "<group>"; };
		BE5962061E097C4B00770884 /* KWLoginViewController.swift */ = {isa = PBXFileReference; fileEncoding = 4; lastKnownFileType = sourcecode.swift; path = KWLoginViewController.swift; sourceTree = "<group>"; };
		BE5962081E0A7C8900770884 /* User.swift */ = {isa = PBXFileReference; fileEncoding = 4; lastKnownFileType = sourcecode.swift; name = User.swift; path = Model/User.swift; sourceTree = "<group>"; };
		BE635EFE1E0A8484002E8C5D /* KWNetTool.swift */ = {isa = PBXFileReference; fileEncoding = 4; lastKnownFileType = sourcecode.swift; name = KWNetTool.swift; path = Tool/KWNetTool.swift; sourceTree = "<group>"; };
		BECCFBE61E1901D800F728E8 /* TitleTool.swift */ = {isa = PBXFileReference; fileEncoding = 4; lastKnownFileType = sourcecode.swift; name = TitleTool.swift; path = Tool/TitleTool.swift; sourceTree = "<group>"; };
		BED452731E040AB90030AFAD /* KWSpokenListViewController.swift */ = {isa = PBXFileReference; fileEncoding = 4; lastKnownFileType = sourcecode.swift; name = KWSpokenListViewController.swift; path = Spoken/KWSpokenListViewController.swift; sourceTree = "<group>"; };
		BED452751E041D620030AFAD /* KWSpokenDetailTableViewController.swift */ = {isa = PBXFileReference; fileEncoding = 4; lastKnownFileType = sourcecode.swift; name = KWSpokenDetailTableViewController.swift; path = Spoken/KWSpokenDetailTableViewController.swift; sourceTree = "<group>"; };
		BEE9A4101E0573B700B68AAF /* SpokenDetailTableViewCell.swift */ = {isa = PBXFileReference; fileEncoding = 4; lastKnownFileType = sourcecode.swift; name = SpokenDetailTableViewCell.swift; path = Spoken/SpokenCell/SpokenDetailTableViewCell.swift; sourceTree = "<group>"; };
		BEE9A4111E0573B700B68AAF /* SpokenDetailTableViewCell.xib */ = {isa = PBXFileReference; fileEncoding = 4; lastKnownFileType = file.xib; name = SpokenDetailTableViewCell.xib; path = Spoken/SpokenCell/SpokenDetailTableViewCell.xib; sourceTree = "<group>"; };
		BEE9A4221E06644B00B68AAF /* Info.plist */ = {isa = PBXFileReference; fileEncoding = 4; lastKnownFileType = text.plist.xml; path = Info.plist; sourceTree = "<group>"; };
		BEE9A4231E06644B00B68AAF /* WaveformView.h */ = {isa = PBXFileReference; fileEncoding = 4; lastKnownFileType = sourcecode.c.h; path = WaveformView.h; sourceTree = "<group>"; };
		BEE9A4241E06644B00B68AAF /* WaveformView.swift */ = {isa = PBXFileReference; fileEncoding = 4; lastKnownFileType = sourcecode.swift; path = WaveformView.swift; sourceTree = "<group>"; };
		BEE9A4271E06B29800B68AAF /* KWSpokenRecordViewController.swift */ = {isa = PBXFileReference; fileEncoding = 4; lastKnownFileType = sourcecode.swift; name = KWSpokenRecordViewController.swift; path = Spoken/KWSpokenRecordViewController.swift; sourceTree = "<group>"; };
		BEE9A42C1E07D2A800B68AAF /* KWMeTableViewController.swift */ = {isa = PBXFileReference; fileEncoding = 4; lastKnownFileType = sourcecode.swift; path = KWMeTableViewController.swift; sourceTree = "<group>"; };
		DAB765A74CB7B4850767E067 /* Pods_KnowWords.framework */ = {isa = PBXFileReference; explicitFileType = wrapper.framework; includeInIndex = 0; path = Pods_KnowWords.framework; sourceTree = BUILT_PRODUCTS_DIR; };
		FF79C7F1D571DA39E0B15637 /* Pods-KnowWords.release.xcconfig */ = {isa = PBXFileReference; includeInIndex = 1; lastKnownFileType = text.xcconfig; name = "Pods-KnowWords.release.xcconfig"; path = "Pods/Target Support Files/Pods-KnowWords/Pods-KnowWords.release.xcconfig"; sourceTree = "<group>"; };
/* End PBXFileReference section */

/* Begin PBXFrameworksBuildPhase section */
		BE2067801DFD305F005A55F5 /* Frameworks */ = {
			isa = PBXFrameworksBuildPhase;
			buildActionMask = 2147483647;
			files = (
				DDDA9B9C21BC5D2DF378818E /* Pods_KnowWords.framework in Frameworks */,
			);
			runOnlyForDeploymentPostprocessing = 0;
		};
/* End PBXFrameworksBuildPhase section */

/* Begin PBXGroup section */
		16A61F6867711D418D258BD7 /* Frameworks */ = {
			isa = PBXGroup;
			children = (
				DAB765A74CB7B4850767E067 /* Pods_KnowWords.framework */,
			);
			name = Frameworks;
			sourceTree = "<group>";
		};
		4355E231D90F72B067926F47 /* Pods */ = {
			isa = PBXGroup;
			children = (
				23060117582138CA3DBF3157 /* Pods-KnowWords.debug.xcconfig */,
				FF79C7F1D571DA39E0B15637 /* Pods-KnowWords.release.xcconfig */,
			);
			name = Pods;
			sourceTree = "<group>";
		};
		BE20677A1DFD305F005A55F5 = {
			isa = PBXGroup;
			children = (
				BE2067851DFD305F005A55F5 /* KnowWords */,
				BE2067841DFD305F005A55F5 /* Products */,
				4355E231D90F72B067926F47 /* Pods */,
				16A61F6867711D418D258BD7 /* Frameworks */,
			);
			sourceTree = "<group>";
		};
		BE2067841DFD305F005A55F5 /* Products */ = {
			isa = PBXGroup;
			children = (
				BE2067831DFD305F005A55F5 /* KnowWords.app */,
			);
			name = Products;
			sourceTree = "<group>";
		};
		BE2067851DFD305F005A55F5 /* KnowWords */ = {
			isa = PBXGroup;
			children = (
				BE2067861DFD305F005A55F5 /* AppDelegate.swift */,
				BE5962031E097C1800770884 /* Main */,
				BE635EFD1E0A8466002E8C5D /* Tool */,
				BE2067A01DFD3E54005A55F5 /* Extensions */,
				BE2067981DFD3523005A55F5 /* Model */,
				BE2067991DFD352A005A55F5 /* Test */,
				BED452721E040A8C0030AFAD /* Spoken */,
				BEE9A42B1E07D28E00B68AAF /* Me */,
				BE20678A1DFD305F005A55F5 /* Main.storyboard */,
				BE20678D1DFD305F005A55F5 /* Assets.xcassets */,
				BE20678F1DFD305F005A55F5 /* LaunchScreen.storyboard */,
				BE2067921DFD305F005A55F5 /* Info.plist */,
			);
			path = KnowWords;
			sourceTree = "<group>";
		};
		BE2067981DFD3523005A55F5 /* Model */ = {
			isa = PBXGroup;
			children = (
				BE2067A31DFD3EF9005A55F5 /* Information.swift */,
				BE5961FC1E09258900770884 /* Article.swift */,
				BE5962081E0A7C8900770884 /* User.swift */,
				BE12FB071E1B590700ACB82F /* Comment.swift */,
			);
			name = Model;
			sourceTree = "<group>";
		};
		BE2067991DFD352A005A55F5 /* Test */ = {
			isa = PBXGroup;
			children = (
				BE20679E1DFD3C41005A55F5 /* KWTestViewController.swift */,
				BE2067A51DFE6BD2005A55F5 /* KWTypeSelectionTableViewController.swift */,
				BE2067B01E027358005A55F5 /* Choice */,
				BE2067AF1E02734C005A55F5 /* Blank */,
			);
			name = Test;
			sourceTree = "<group>";
		};
		BE2067A01DFD3E54005A55F5 /* Extensions */ = {
			isa = PBXGroup;
			children = (
				BE2067A11DFD3E7D005A55F5 /* UIColorExtension.swift */,
				BE2067AD1E0031CD005A55F5 /* UIViewExtension.swift */,
			);
			name = Extensions;
			sourceTree = "<group>";
		};
		BE2067AF1E02734C005A55F5 /* Blank */ = {
			isa = PBXGroup;
			children = (
				BE2067B91E02739E005A55F5 /* KWFillBlankExtension.swift */,
				BE2067BA1E02739E005A55F5 /* KWFillBlankTextView.swift */,
				BE2067BB1E02739E005A55F5 /* KWFillBlankViewController.swift */,
				BE2067BC1E02739E005A55F5 /* KWInputBar.swift */,
			);
			name = Blank;
			sourceTree = "<group>";
		};
		BE2067B01E027358005A55F5 /* Choice */ = {
			isa = PBXGroup;
			children = (
				BE2067A71DFEF85B005A55F5 /* KWShortTestViewController.swift */,
				BE2067AB1E002971005A55F5 /* KWLongTestViewController.swift */,
			);
			name = Choice;
			sourceTree = "<group>";
		};
		BE5961F91E09077100770884 /* Myrecord */ = {
			isa = PBXGroup;
			children = (
				BE5961FA1E09078600770884 /* KWMyrecordListTableViewController.swift */,
				BE5961FE1E0932D400770884 /* KWMyrecordDetailViewController.swift */,
			);
			path = Myrecord;
			sourceTree = "<group>";
		};
		BE5962001E0970A400770884 /* Mytrip */ = {
			isa = PBXGroup;
			children = (
				BE5962011E0970BC00770884 /* KWMytripTableViewController.swift */,
			);
			path = Mytrip;
			sourceTree = "<group>";
		};
		BE5962031E097C1800770884 /* Main */ = {
			isa = PBXGroup;
			children = (
				BE5962041E097C3900770884 /* KWMainViewController.swift */,
				BE5962061E097C4B00770884 /* KWLoginViewController.swift */,
			);
			path = Main;
			sourceTree = "<group>";
		};
		BE635EFD1E0A8466002E8C5D /* Tool */ = {
			isa = PBXGroup;
			children = (
				BE635EFE1E0A8484002E8C5D /* KWNetTool.swift */,
				BECCFBE61E1901D800F728E8 /* TitleTool.swift */,
			);
			name = Tool;
			sourceTree = "<group>";
		};
		BED452721E040A8C0030AFAD /* Spoken */ = {
			isa = PBXGroup;
			children = (
				BEE9A4211E06644B00B68AAF /* WaveformView */,
				BEE9A40F1E05738D00B68AAF /* SpokenCell */,
				BED452731E040AB90030AFAD /* KWSpokenListViewController.swift */,
				BED452751E041D620030AFAD /* KWSpokenDetailTableViewController.swift */,
				BEE9A4271E06B29800B68AAF /* KWSpokenRecordViewController.swift */,
			);
			name = Spoken;
			sourceTree = "<group>";
		};
		BEE9A40F1E05738D00B68AAF /* SpokenCell */ = {
			isa = PBXGroup;
			children = (
				BEE9A4101E0573B700B68AAF /* SpokenDetailTableViewCell.swift */,
				BEE9A4111E0573B700B68AAF /* SpokenDetailTableViewCell.xib */,
			);
			name = SpokenCell;
			sourceTree = "<group>";
		};
		BEE9A4211E06644B00B68AAF /* WaveformView */ = {
			isa = PBXGroup;
			children = (
				BEE9A4221E06644B00B68AAF /* Info.plist */,
				BEE9A4231E06644B00B68AAF /* WaveformView.h */,
				BEE9A4241E06644B00B68AAF /* WaveformView.swift */,
			);
			name = WaveformView;
			path = Spoken/WaveformView;
			sourceTree = "<group>";
		};
		BEE9A42B1E07D28E00B68AAF /* Me */ = {
			isa = PBXGroup;
			children = (
				BE5961F91E09077100770884 /* Myrecord */,
				BE5962001E0970A400770884 /* Mytrip */,
				BEE9A42C1E07D2A800B68AAF /* KWMeTableViewController.swift */,
			);
			path = Me;
			sourceTree = "<group>";
		};
/* End PBXGroup section */

/* Begin PBXNativeTarget section */
		BE2067821DFD305F005A55F5 /* KnowWords */ = {
			isa = PBXNativeTarget;
			buildConfigurationList = BE2067951DFD305F005A55F5 /* Build configuration list for PBXNativeTarget "KnowWords" */;
			buildPhases = (
				F4F1CAD15F26D0D240CCA07E /* [CP] Check Pods Manifest.lock */,
				BE20677F1DFD305F005A55F5 /* Sources */,
				BE2067801DFD305F005A55F5 /* Frameworks */,
				BE2067811DFD305F005A55F5 /* Resources */,
				429FB4B0B61E5B9CB36EDC19 /* [CP] Embed Pods Frameworks */,
				C4EC31CE9812DBF9B1FFF94A /* [CP] Copy Pods Resources */,
			);
			buildRules = (
			);
			dependencies = (
			);
			name = KnowWords;
			productName = KnowWords;
			productReference = BE2067831DFD305F005A55F5 /* KnowWords.app */;
			productType = "com.apple.product-type.application";
		};
/* End PBXNativeTarget section */

/* Begin PBXProject section */
		BE20677B1DFD305F005A55F5 /* Project object */ = {
			isa = PBXProject;
			attributes = {
				LastSwiftUpdateCheck = 0810;
				LastUpgradeCheck = 0820;
				ORGANIZATIONNAME = yizhe;
				TargetAttributes = {
					BE2067821DFD305F005A55F5 = {
						CreatedOnToolsVersion = 8.1;
						DevelopmentTeam = LD6682LBQK;
						LastSwiftMigration = 0820;
						ProvisioningStyle = Automatic;
					};
				};
			};
			buildConfigurationList = BE20677E1DFD305F005A55F5 /* Build configuration list for PBXProject "KnowWords" */;
			compatibilityVersion = "Xcode 3.2";
			developmentRegion = English;
			hasScannedForEncodings = 0;
			knownRegions = (
				en,
				Base,
			);
			mainGroup = BE20677A1DFD305F005A55F5;
			productRefGroup = BE2067841DFD305F005A55F5 /* Products */;
			projectDirPath = "";
			projectRoot = "";
			targets = (
				BE2067821DFD305F005A55F5 /* KnowWords */,
			);
		};
/* End PBXProject section */

/* Begin PBXResourcesBuildPhase section */
		BE2067811DFD305F005A55F5 /* Resources */ = {
			isa = PBXResourcesBuildPhase;
			buildActionMask = 2147483647;
			files = (
				BEE9A4131E0573B700B68AAF /* SpokenDetailTableViewCell.xib in Resources */,
				BE2067911DFD305F005A55F5 /* LaunchScreen.storyboard in Resources */,
				BE20678E1DFD305F005A55F5 /* Assets.xcassets in Resources */,
				BEE9A4251E06644B00B68AAF /* Info.plist in Resources */,
				BE20678C1DFD305F005A55F5 /* Main.storyboard in Resources */,
			);
			runOnlyForDeploymentPostprocessing = 0;
		};
/* End PBXResourcesBuildPhase section */

/* Begin PBXShellScriptBuildPhase section */
		429FB4B0B61E5B9CB36EDC19 /* [CP] Embed Pods Frameworks */ = {
			isa = PBXShellScriptBuildPhase;
			buildActionMask = 2147483647;
			files = (
			);
			inputPaths = (
			);
			name = "[CP] Embed Pods Frameworks";
			outputPaths = (
			);
			runOnlyForDeploymentPostprocessing = 0;
			shellPath = /bin/sh;
			shellScript = "\"${SRCROOT}/Pods/Target Support Files/Pods-KnowWords/Pods-KnowWords-frameworks.sh\"\n";
			showEnvVarsInLog = 0;
		};
		C4EC31CE9812DBF9B1FFF94A /* [CP] Copy Pods Resources */ = {
			isa = PBXShellScriptBuildPhase;
			buildActionMask = 2147483647;
			files = (
			);
			inputPaths = (
			);
			name = "[CP] Copy Pods Resources";
			outputPaths = (
			);
			runOnlyForDeploymentPostprocessing = 0;
			shellPath = /bin/sh;
			shellScript = "\"${SRCROOT}/Pods/Target Support Files/Pods-KnowWords/Pods-KnowWords-resources.sh\"\n";
			showEnvVarsInLog = 0;
		};
		F4F1CAD15F26D0D240CCA07E /* [CP] Check Pods Manifest.lock */ = {
			isa = PBXShellScriptBuildPhase;
			buildActionMask = 2147483647;
			files = (
			);
			inputPaths = (
			);
			name = "[CP] Check Pods Manifest.lock";
			outputPaths = (
			);
			runOnlyForDeploymentPostprocessing = 0;
			shellPath = /bin/sh;
			shellScript = "diff \"${PODS_ROOT}/../Podfile.lock\" \"${PODS_ROOT}/Manifest.lock\" > /dev/null\nif [[ $? != 0 ]] ; then\n    cat << EOM\nerror: The sandbox is not in sync with the Podfile.lock. Run 'pod install' or update your CocoaPods installation.\nEOM\n    exit 1\nfi\n";
			showEnvVarsInLog = 0;
		};
/* End PBXShellScriptBuildPhase section */

/* Begin PBXSourcesBuildPhase section */
		BE20677F1DFD305F005A55F5 /* Sources */ = {
			isa = PBXSourcesBuildPhase;
			buildActionMask = 2147483647;
			files = (
				BE5962071E097C4B00770884 /* KWLoginViewController.swift in Sources */,
				BE5961FB1E09078600770884 /* KWMyrecordListTableViewController.swift in Sources */,
				BEE9A4121E0573B700B68AAF /* SpokenDetailTableViewCell.swift in Sources */,
				BE12FB081E1B590700ACB82F /* Comment.swift in Sources */,
				BE5962091E0A7C8900770884 /* User.swift in Sources */,
				BED452761E041D620030AFAD /* KWSpokenDetailTableViewController.swift in Sources */,
				BE2067A61DFE6BD2005A55F5 /* KWTypeSelectionTableViewController.swift in Sources */,
				BECCFBE71E1901D800F728E8 /* TitleTool.swift in Sources */,
				BE5962051E097C3900770884 /* KWMainViewController.swift in Sources */,
				BE5961FD1E09258900770884 /* Article.swift in Sources */,
				BE2067BF1E02739E005A55F5 /* KWFillBlankViewController.swift in Sources */,
				BE635EFF1E0A8484002E8C5D /* KWNetTool.swift in Sources */,
				BE2067C01E02739E005A55F5 /* KWInputBar.swift in Sources */,
				BE20679F1DFD3C41005A55F5 /* KWTestViewController.swift in Sources */,
				BED452741E040AB90030AFAD /* KWSpokenListViewController.swift in Sources */,
				BE2067AC1E002971005A55F5 /* KWLongTestViewController.swift in Sources */,
				BE2067871DFD305F005A55F5 /* AppDelegate.swift in Sources */,
				BE2067A41DFD3EF9005A55F5 /* Information.swift in Sources */,
				BE2067BD1E02739E005A55F5 /* KWFillBlankExtension.swift in Sources */,
				BEE9A42D1E07D2A800B68AAF /* KWMeTableViewController.swift in Sources */,
				BE2067AE1E0031CD005A55F5 /* UIViewExtension.swift in Sources */,
				BE2067A21DFD3E7D005A55F5 /* UIColorExtension.swift in Sources */,
				BE2067A81DFEF85B005A55F5 /* KWShortTestViewController.swift in Sources */,
				BE2067BE1E02739E005A55F5 /* KWFillBlankTextView.swift in Sources */,
				BE5962021E0970BC00770884 /* KWMytripTableViewController.swift in Sources */,
				BEE9A4261E06644B00B68AAF /* WaveformView.swift in Sources */,
				BEE9A4281E06B29800B68AAF /* KWSpokenRecordViewController.swift in Sources */,
				BE5961FF1E0932D400770884 /* KWMyrecordDetailViewController.swift in Sources */,
			);
			runOnlyForDeploymentPostprocessing = 0;
		};
/* End PBXSourcesBuildPhase section */

/* Begin PBXVariantGroup section */
		BE20678A1DFD305F005A55F5 /* Main.storyboard */ = {
			isa = PBXVariantGroup;
			children = (
				BE20678B1DFD305F005A55F5 /* Base */,
			);
			name = Main.storyboard;
			sourceTree = "<group>";
		};
		BE20678F1DFD305F005A55F5 /* LaunchScreen.storyboard */ = {
			isa = PBXVariantGroup;
			children = (
				BE2067901DFD305F005A55F5 /* Base */,
			);
			name = LaunchScreen.storyboard;
			sourceTree = "<group>";
		};
/* End PBXVariantGroup section */

/* Begin XCBuildConfiguration section */
		BE2067931DFD305F005A55F5 /* Debug */ = {
			isa = XCBuildConfiguration;
			buildSettings = {
				ALWAYS_SEARCH_USER_PATHS = NO;
				CLANG_ANALYZER_NONNULL = YES;
				CLANG_CXX_LANGUAGE_STANDARD = "gnu++0x";
				CLANG_CXX_LIBRARY = "libc++";
				CLANG_ENABLE_MODULES = YES;
				CLANG_ENABLE_OBJC_ARC = YES;
				CLANG_WARN_BOOL_CONVERSION = YES;
				CLANG_WARN_CONSTANT_CONVERSION = YES;
				CLANG_WARN_DIRECT_OBJC_ISA_USAGE = YES_ERROR;
				CLANG_WARN_DOCUMENTATION_COMMENTS = YES;
				CLANG_WARN_EMPTY_BODY = YES;
				CLANG_WARN_ENUM_CONVERSION = YES;
				CLANG_WARN_INFINITE_RECURSION = YES;
				CLANG_WARN_INT_CONVERSION = YES;
				CLANG_WARN_OBJC_ROOT_CLASS = YES_ERROR;
				CLANG_WARN_SUSPICIOUS_MOVE = YES;
				CLANG_WARN_SUSPICIOUS_MOVES = YES;
				CLANG_WARN_UNREACHABLE_CODE = YES;
				CLANG_WARN__DUPLICATE_METHOD_MATCH = YES;
				"CODE_SIGN_IDENTITY[sdk=iphoneos*]" = "iPhone Developer";
				COPY_PHASE_STRIP = NO;
				DEBUG_INFORMATION_FORMAT = dwarf;
				ENABLE_STRICT_OBJC_MSGSEND = YES;
				ENABLE_TESTABILITY = YES;
				GCC_C_LANGUAGE_STANDARD = gnu99;
				GCC_DYNAMIC_NO_PIC = NO;
				GCC_NO_COMMON_BLOCKS = YES;
				GCC_OPTIMIZATION_LEVEL = 0;
				GCC_PREPROCESSOR_DEFINITIONS = (
					"DEBUG=1",
					"$(inherited)",
				);
				GCC_WARN_64_TO_32_BIT_CONVERSION = YES;
				GCC_WARN_ABOUT_RETURN_TYPE = YES_ERROR;
				GCC_WARN_UNDECLARED_SELECTOR = YES;
				GCC_WARN_UNINITIALIZED_AUTOS = YES_AGGRESSIVE;
				GCC_WARN_UNUSED_FUNCTION = YES;
				GCC_WARN_UNUSED_VARIABLE = YES;
				IPHONEOS_DEPLOYMENT_TARGET = 10.1;
				MTL_ENABLE_DEBUG_INFO = YES;
				ONLY_ACTIVE_ARCH = YES;
				SDKROOT = iphoneos;
				SWIFT_ACTIVE_COMPILATION_CONDITIONS = DEBUG;
				SWIFT_OPTIMIZATION_LEVEL = "-Onone";
			};
			name = Debug;
		};
		BE2067941DFD305F005A55F5 /* Release */ = {
			isa = XCBuildConfiguration;
			buildSettings = {
				ALWAYS_SEARCH_USER_PATHS = NO;
				CLANG_ANALYZER_NONNULL = YES;
				CLANG_CXX_LANGUAGE_STANDARD = "gnu++0x";
				CLANG_CXX_LIBRARY = "libc++";
				CLANG_ENABLE_MODULES = YES;
				CLANG_ENABLE_OBJC_ARC = YES;
				CLANG_WARN_BOOL_CONVERSION = YES;
				CLANG_WARN_CONSTANT_CONVERSION = YES;
				CLANG_WARN_DIRECT_OBJC_ISA_USAGE = YES_ERROR;
				CLANG_WARN_DOCUMENTATION_COMMENTS = YES;
				CLANG_WARN_EMPTY_BODY = YES;
				CLANG_WARN_ENUM_CONVERSION = YES;
				CLANG_WARN_INFINITE_RECURSION = YES;
				CLANG_WARN_INT_CONVERSION = YES;
				CLANG_WARN_OBJC_ROOT_CLASS = YES_ERROR;
				CLANG_WARN_SUSPICIOUS_MOVE = YES;
				CLANG_WARN_SUSPICIOUS_MOVES = YES;
				CLANG_WARN_UNREACHABLE_CODE = YES;
				CLANG_WARN__DUPLICATE_METHOD_MATCH = YES;
				"CODE_SIGN_IDENTITY[sdk=iphoneos*]" = "iPhone Developer";
				COPY_PHASE_STRIP = NO;
				DEBUG_INFORMATION_FORMAT = "dwarf-with-dsym";
				ENABLE_NS_ASSERTIONS = NO;
				ENABLE_STRICT_OBJC_MSGSEND = YES;
				GCC_C_LANGUAGE_STANDARD = gnu99;
				GCC_NO_COMMON_BLOCKS = YES;
				GCC_WARN_64_TO_32_BIT_CONVERSION = YES;
				GCC_WARN_ABOUT_RETURN_TYPE = YES_ERROR;
				GCC_WARN_UNDECLARED_SELECTOR = YES;
				GCC_WARN_UNINITIALIZED_AUTOS = YES_AGGRESSIVE;
				GCC_WARN_UNUSED_FUNCTION = YES;
				GCC_WARN_UNUSED_VARIABLE = YES;
				IPHONEOS_DEPLOYMENT_TARGET = 10.1;
				MTL_ENABLE_DEBUG_INFO = NO;
				SDKROOT = iphoneos;
				SWIFT_OPTIMIZATION_LEVEL = "-Owholemodule";
				VALIDATE_PRODUCT = YES;
			};
			name = Release;
		};
		BE2067961DFD305F005A55F5 /* Debug */ = {
			isa = XCBuildConfiguration;
			baseConfigurationReference = 23060117582138CA3DBF3157 /* Pods-KnowWords.debug.xcconfig */;
			buildSettings = {
				ASSETCATALOG_COMPILER_APPICON_NAME = AppIcon;
				DEVELOPMENT_TEAM = LD6682LBQK;
				INFOPLIST_FILE = KnowWords/Info.plist;
				LD_RUNPATH_SEARCH_PATHS = "$(inherited) @executable_path/Frameworks";
				PRODUCT_BUNDLE_IDENTIFIER = yizhe.KnowWords;
				PRODUCT_NAME = "$(TARGET_NAME)";
				SWIFT_VERSION = 3.0;
			};
			name = Debug;
		};
		BE2067971DFD305F005A55F5 /* Release */ = {
			isa = XCBuildConfiguration;
			baseConfigurationReference = FF79C7F1D571DA39E0B15637 /* Pods-KnowWords.release.xcconfig */;
			buildSettings = {
				ASSETCATALOG_COMPILER_APPICON_NAME = AppIcon;
				DEVELOPMENT_TEAM = LD6682LBQK;
				INFOPLIST_FILE = KnowWords/Info.plist;
				LD_RUNPATH_SEARCH_PATHS = "$(inherited) @executable_path/Frameworks";
				PRODUCT_BUNDLE_IDENTIFIER = yizhe.KnowWords;
				PRODUCT_NAME = "$(TARGET_NAME)";
				SWIFT_VERSION = 3.0;
			};
			name = Release;
		};
/* End XCBuildConfiguration section */

/* Begin XCConfigurationList section */
		BE20677E1DFD305F005A55F5 /* Build configuration list for PBXProject "KnowWords" */ = {
			isa = XCConfigurationList;
			buildConfigurations = (
				BE2067931DFD305F005A55F5 /* Debug */,
				BE2067941DFD305F005A55F5 /* Release */,
			);
			defaultConfigurationIsVisible = 0;
			defaultConfigurationName = Release;
		};
		BE2067951DFD305F005A55F5 /* Build configuration list for PBXNativeTarget "KnowWords" */ = {
			isa = XCConfigurationList;
			buildConfigurations = (
				BE2067961DFD305F005A55F5 /* Debug */,
				BE2067971DFD305F005A55F5 /* Release */,
			);
			defaultConfigurationIsVisible = 0;
			defaultConfigurationName = Release;
		};
/* End XCConfigurationList section */
	};
	rootObject = BE20677B1DFD305F005A55F5 /* Project object */;
}
